// !$*UTF8*$!
{
	archiveVersion = 1;
	classes = {
	};
	objectVersion = 55;
	objects = {

/* Begin PBXBuildFile section */
		B0AE223627273A970000052A /* PrataApp.swift in Sources */ = {isa = PBXBuildFile; fileRef = B0AE223527273A970000052A /* PrataApp.swift */; };
		B0AE223827273A970000052A /* ContentView.swift in Sources */ = {isa = PBXBuildFile; fileRef = B0AE223727273A970000052A /* ContentView.swift */; };
		B0AE223A27273A980000052A /* Assets.xcassets in Resources */ = {isa = PBXBuildFile; fileRef = B0AE223927273A980000052A /* Assets.xcassets */; };
		B0AE223D27273A980000052A /* Preview Assets.xcassets in Resources */ = {isa = PBXBuildFile; fileRef = B0AE223C27273A980000052A /* Preview Assets.xcassets */; };
		B0AE224427273C8C0000052A /* landmarkData.json in Resources */ = {isa = PBXBuildFile; fileRef = B0AE224327273C8C0000052A /* landmarkData.json */; };
		B0AE224627273CC00000052A /* Landmark.swift in Sources */ = {isa = PBXBuildFile; fileRef = B0AE224527273CC00000052A /* Landmark.swift */; };
		B0AE224827273DF70000052A /* Model.swift in Sources */ = {isa = PBXBuildFile; fileRef = B0AE224727273DF70000052A /* Model.swift */; };
		B0AE224C2727401E0000052A /* MapView.swift in Sources */ = {isa = PBXBuildFile; fileRef = B0AE224B2727401E0000052A /* MapView.swift */; };
		B0AE224E272740320000052A /* CircleImage.swift in Sources */ = {isa = PBXBuildFile; fileRef = B0AE224D272740320000052A /* CircleImage.swift */; };
		B0AE2250272741040000052A /* LandmarkRow.swift in Sources */ = {isa = PBXBuildFile; fileRef = B0AE224F272741040000052A /* LandmarkRow.swift */; };
		DF94F10227274A7E00EEF6EB /* LandmarkList.swift in Sources */ = {isa = PBXBuildFile; fileRef = DF94F10127274A7E00EEF6EB /* LandmarkList.swift */; };
		DF94F10427274C3D00EEF6EB /* LandmarkDetail.swift in Sources */ = {isa = PBXBuildFile; fileRef = DF94F10327274C3D00EEF6EB /* LandmarkDetail.swift */; };
/* End PBXBuildFile section */

/* Begin PBXFileReference section */
		B0AE223227273A970000052A /* Prata.app */ = {isa = PBXFileReference; explicitFileType = wrapper.application; includeInIndex = 0; path = Prata.app; sourceTree = BUILT_PRODUCTS_DIR; };
		B0AE223527273A970000052A /* PrataApp.swift */ = {isa = PBXFileReference; lastKnownFileType = sourcecode.swift; path = PrataApp.swift; sourceTree = "<group>"; };
		B0AE223727273A970000052A /* ContentView.swift */ = {isa = PBXFileReference; lastKnownFileType = sourcecode.swift; path = ContentView.swift; sourceTree = "<group>"; };
		B0AE223927273A980000052A /* Assets.xcassets */ = {isa = PBXFileReference; lastKnownFileType = folder.assetcatalog; path = Assets.xcassets; sourceTree = "<group>"; };
		B0AE223C27273A980000052A /* Preview Assets.xcassets */ = {isa = PBXFileReference; lastKnownFileType = folder.assetcatalog; path = "Preview Assets.xcassets"; sourceTree = "<group>"; };
		B0AE224327273C8C0000052A /* landmarkData.json */ = {isa = PBXFileReference; fileEncoding = 4; lastKnownFileType = text.json; path = landmarkData.json; sourceTree = "<group>"; };
		B0AE224527273CC00000052A /* Landmark.swift */ = {isa = PBXFileReference; lastKnownFileType = sourcecode.swift; path = Landmark.swift; sourceTree = "<group>"; };
		B0AE224727273DF70000052A /* Model.swift */ = {isa = PBXFileReference; lastKnownFileType = sourcecode.swift; path = Model.swift; sourceTree = "<group>"; };
		B0AE224B2727401E0000052A /* MapView.swift */ = {isa = PBXFileReference; lastKnownFileType = sourcecode.swift; path = MapView.swift; sourceTree = "<group>"; };
		B0AE224D272740320000052A /* CircleImage.swift */ = {isa = PBXFileReference; lastKnownFileType = sourcecode.swift; path = CircleImage.swift; sourceTree = "<group>"; };
		B0AE224F272741040000052A /* LandmarkRow.swift */ = {isa = PBXFileReference; lastKnownFileType = sourcecode.swift; path = LandmarkRow.swift; sourceTree = "<group>"; };
		DF94F10127274A7E00EEF6EB /* LandmarkList.swift */ = {isa = PBXFileReference; lastKnownFileType = sourcecode.swift; path = LandmarkList.swift; sourceTree = "<group>"; };
		DF94F10327274C3D00EEF6EB /* LandmarkDetail.swift */ = {isa = PBXFileReference; lastKnownFileType = sourcecode.swift; path = LandmarkDetail.swift; sourceTree = "<group>"; };
/* End PBXFileReference section */

/* Begin PBXFrameworksBuildPhase section */
		B0AE222F27273A970000052A /* Frameworks */ = {
			isa = PBXFrameworksBuildPhase;
			buildActionMask = 2147483647;
			files = (
			);
			runOnlyForDeploymentPostprocessing = 0;
		};
/* End PBXFrameworksBuildPhase section */

/* Begin PBXGroup section */
		B0AE222927273A970000052A = {
			isa = PBXGroup;
			children = (
				B0AE223427273A970000052A /* Prata */,
				B0AE223327273A970000052A /* Products */,
			);
			sourceTree = "<group>";
		};
		B0AE223327273A970000052A /* Products */ = {
			isa = PBXGroup;
			children = (
				B0AE223227273A970000052A /* Prata.app */,
			);
			name = Products;
			sourceTree = "<group>";
		};
		B0AE223427273A970000052A /* Prata */ = {
			isa = PBXGroup;
			children = (
				B0AE223527273A970000052A /* PrataApp.swift */,
				DF94F10127274A7E00EEF6EB /* LandmarkList.swift */,
				DF94F10327274C3D00EEF6EB /* LandmarkDetail.swift */,
				B0AE224F272741040000052A /* LandmarkRow.swift */,
				B0AE224927273FC80000052A /* Model */,
				B0AE224A27273FE10000052A /* Views */,
				B0AE223927273A980000052A /* Assets.xcassets */,
				B0AE224327273C8C0000052A /* landmarkData.json */,
				B0AE223B27273A980000052A /* Preview Content */,
			);
			path = Prata;
			sourceTree = "<group>";
		};
		B0AE223B27273A980000052A /* Preview Content */ = {
			isa = PBXGroup;
			children = (
				B0AE223C27273A980000052A /* Preview Assets.xcassets */,
			);
			path = "Preview Content";
			sourceTree = "<group>";
		};
		B0AE224927273FC80000052A /* Model */ = {
			isa = PBXGroup;
			children = (
				B0AE224527273CC00000052A /* Landmark.swift */,
				B0AE224727273DF70000052A /* Model.swift */,
			);
			path = Model;
			sourceTree = "<group>";
		};
		B0AE224A27273FE10000052A /* Views */ = {
			isa = PBXGroup;
			children = (
				B0AE223727273A970000052A /* ContentView.swift */,
				B0AE224B2727401E0000052A /* MapView.swift */,
				B0AE224D272740320000052A /* CircleImage.swift */,
			);
			path = Views;
			sourceTree = "<group>";
		};
/* End PBXGroup section */

/* Begin PBXNativeTarget section */
		B0AE223127273A970000052A /* Prata */ = {
			isa = PBXNativeTarget;
			buildConfigurationList = B0AE224027273A980000052A /* Build configuration list for PBXNativeTarget "Prata" */;
			buildPhases = (
				B0AE222E27273A970000052A /* Sources */,
				B0AE222F27273A970000052A /* Frameworks */,
				B0AE223027273A970000052A /* Resources */,
			);
			buildRules = (
			);
			dependencies = (
			);
			name = Prata;
			productName = Prata;
			productReference = B0AE223227273A970000052A /* Prata.app */;
			productType = "com.apple.product-type.application";
		};
/* End PBXNativeTarget section */

/* Begin PBXProject section */
		B0AE222A27273A970000052A /* Project object */ = {
			isa = PBXProject;
			attributes = {
				BuildIndependentTargetsInParallel = 1;
				LastSwiftUpdateCheck = 1300;
				LastUpgradeCheck = 1300;
				TargetAttributes = {
					B0AE223127273A970000052A = {
						CreatedOnToolsVersion = 13.0;
					};
				};
			};
			buildConfigurationList = B0AE222D27273A970000052A /* Build configuration list for PBXProject "Prata" */;
			compatibilityVersion = "Xcode 13.0";
			developmentRegion = en;
			hasScannedForEncodings = 0;
			knownRegions = (
				en,
				Base,
			);
			mainGroup = B0AE222927273A970000052A;
			productRefGroup = B0AE223327273A970000052A /* Products */;
			projectDirPath = "";
			projectRoot = "";
			targets = (
				B0AE223127273A970000052A /* Prata */,
			);
		};
/* End PBXProject section */

/* Begin PBXResourcesBuildPhase section */
		B0AE223027273A970000052A /* Resources */ = {
			isa = PBXResourcesBuildPhase;
			buildActionMask = 2147483647;
			files = (
				B0AE223D27273A980000052A /* Preview Assets.xcassets in Resources */,
				B0AE223A27273A980000052A /* Assets.xcassets in Resources */,
				B0AE224427273C8C0000052A /* landmarkData.json in Resources */,
			);
			runOnlyForDeploymentPostprocessing = 0;
		};
/* End PBXResourcesBuildPhase section */

/* Begin PBXSourcesBuildPhase section */
		B0AE222E27273A970000052A /* Sources */ = {
			isa = PBXSourcesBuildPhase;
			buildActionMask = 2147483647;
			files = (
				B0AE223827273A970000052A /* ContentView.swift in Sources */,
				B0AE223627273A970000052A /* PrataApp.swift in Sources */,
				B0AE224C2727401E0000052A /* MapView.swift in Sources */,
				DF94F10227274A7E00EEF6EB /* LandmarkList.swift in Sources */,
				DF94F10427274C3D00EEF6EB /* LandmarkDetail.swift in Sources */,
				B0AE224627273CC00000052A /* Landmark.swift in Sources */,
				B0AE224827273DF70000052A /* Model.swift in Sources */,
				B0AE2250272741040000052A /* LandmarkRow.swift in Sources */,
				B0AE224E272740320000052A /* CircleImage.swift in Sources */,
			);
			runOnlyForDeploymentPostprocessing = 0;
		};
/* End PBXSourcesBuildPhase section */

/* Begin XCBuildConfiguration section */
		B0AE223E27273A980000052A /* Debug */ = {
			isa = XCBuildConfiguration;
			buildSettings = {
				ALWAYS_SEARCH_USER_PATHS = NO;
				CLANG_ANALYZER_NONNULL = YES;
				CLANG_ANALYZER_NUMBER_OBJECT_CONVERSION = YES_AGGRESSIVE;
				CLANG_CXX_LANGUAGE_STANDARD = "gnu++17";
				CLANG_CXX_LIBRARY = "libc++";
				CLANG_ENABLE_MODULES = YES;
				CLANG_ENABLE_OBJC_ARC = YES;
				CLANG_ENABLE_OBJC_WEAK = YES;
				CLANG_WARN_BLOCK_CAPTURE_AUTORELEASING = YES;
				CLANG_WARN_BOOL_CONVERSION = YES;
				CLANG_WARN_COMMA = YES;
				CLANG_WARN_CONSTANT_CONVERSION = YES;
				CLANG_WARN_DEPRECATED_OBJC_IMPLEMENTATIONS = YES;
				CLANG_WARN_DIRECT_OBJC_ISA_USAGE = YES_ERROR;
				CLANG_WARN_DOCUMENTATION_COMMENTS = YES;
				CLANG_WARN_EMPTY_BODY = YES;
				CLANG_WARN_ENUM_CONVERSION = YES;
				CLANG_WARN_INFINITE_RECURSION = YES;
				CLANG_WARN_INT_CONVERSION = YES;
				CLANG_WARN_NON_LITERAL_NULL_CONVERSION = YES;
				CLANG_WARN_OBJC_IMPLICIT_RETAIN_SELF = YES;
				CLANG_WARN_OBJC_LITERAL_CONVERSION = YES;
				CLANG_WARN_OBJC_ROOT_CLASS = YES_ERROR;
				CLANG_WARN_QUOTED_INCLUDE_IN_FRAMEWORK_HEADER = YES;
				CLANG_WARN_RANGE_LOOP_ANALYSIS = YES;
				CLANG_WARN_STRICT_PROTOTYPES = YES;
				CLANG_WARN_SUSPICIOUS_MOVE = YES;
				CLANG_WARN_UNGUARDED_AVAILABILITY = YES_AGGRESSIVE;
				CLANG_WARN_UNREACHABLE_CODE = YES;
				CLANG_WARN__DUPLICATE_METHOD_MATCH = YES;
				COPY_PHASE_STRIP = NO;
				DEBUG_INFORMATION_FORMAT = dwarf;
				ENABLE_STRICT_OBJC_MSGSEND = YES;
				ENABLE_TESTABILITY = YES;
				GCC_C_LANGUAGE_STANDARD = gnu11;
				GCC_DYNAMIC_NO_PIC = NO;
				GCC_NO_COMMON_BLOCKS = YES;
				GCC_OPTIMIZATION_LEVEL = 0;
				GCC_PREPROCESSOR_DEFINITIONS = (
					"DEBUG=1",
					"$(inherited)",
				);
				GCC_WARN_64_TO_32_BIT_CONVERSION = YES;
				GCC_WARN_ABOUT_RETURN_TYPE = YES_ERROR;
				GCC_WARN_UNDECLARED_SELECTOR = YES;
				GCC_WARN_UNINITIALIZED_AUTOS = YES_AGGRESSIVE;
				GCC_WARN_UNUSED_FUNCTION = YES;
				GCC_WARN_UNUSED_VARIABLE = YES;
				IPHONEOS_DEPLOYMENT_TARGET = 15.0;
				MTL_ENABLE_DEBUG_INFO = INCLUDE_SOURCE;
				MTL_FAST_MATH = YES;
				ONLY_ACTIVE_ARCH = YES;
				SDKROOT = iphoneos;
				SWIFT_ACTIVE_COMPILATION_CONDITIONS = DEBUG;
				SWIFT_OPTIMIZATION_LEVEL = "-Onone";
			};
			name = Debug;
		};
		B0AE223F27273A980000052A /* Release */ = {
			isa = XCBuildConfiguration;
			buildSettings = {
				ALWAYS_SEARCH_USER_PATHS = NO;
				CLANG_ANALYZER_NONNULL = YES;
				CLANG_ANALYZER_NUMBER_OBJECT_CONVERSION = YES_AGGRESSIVE;
				CLANG_CXX_LANGUAGE_STANDARD = "gnu++17";
				CLANG_CXX_LIBRARY = "libc++";
				CLANG_ENABLE_MODULES = YES;
				CLANG_ENABLE_OBJC_ARC = YES;
				CLANG_ENABLE_OBJC_WEAK = YES;
				CLANG_WARN_BLOCK_CAPTURE_AUTORELEASING = YES;
				CLANG_WARN_BOOL_CONVERSION = YES;
				CLANG_WARN_COMMA = YES;
				CLANG_WARN_CONSTANT_CONVERSION = YES;
				CLANG_WARN_DEPRECATED_OBJC_IMPLEMENTATIONS = YES;
				CLANG_WARN_DIRECT_OBJC_ISA_USAGE = YES_ERROR;
				CLANG_WARN_DOCUMENTATION_COMMENTS = YES;
				CLANG_WARN_EMPTY_BODY = YES;
				CLANG_WARN_ENUM_CONVERSION = YES;
				CLANG_WARN_INFINITE_RECURSION = YES;
				CLANG_WARN_INT_CONVERSION = YES;
				CLANG_WARN_NON_LITERAL_NULL_CONVERSION = YES;
				CLANG_WARN_OBJC_IMPLICIT_RETAIN_SELF = YES;
				CLANG_WARN_OBJC_LITERAL_CONVERSION = YES;
				CLANG_WARN_OBJC_ROOT_CLASS = YES_ERROR;
				CLANG_WARN_QUOTED_INCLUDE_IN_FRAMEWORK_HEADER = YES;
				CLANG_WARN_RANGE_LOOP_ANALYSIS = YES;
				CLANG_WARN_STRICT_PROTOTYPES = YES;
				CLANG_WARN_SUSPICIOUS_MOVE = YES;
				CLANG_WARN_UNGUARDED_AVAILABILITY = YES_AGGRESSIVE;
				CLANG_WARN_UNREACHABLE_CODE = YES;
				CLANG_WARN__DUPLICATE_METHOD_MATCH = YES;
				COPY_PHASE_STRIP = NO;
				DEBUG_INFORMATION_FORMAT = "dwarf-with-dsym";
				ENABLE_NS_ASSERTIONS = NO;
				ENABLE_STRICT_OBJC_MSGSEND = YES;
				GCC_C_LANGUAGE_STANDARD = gnu11;
				GCC_NO_COMMON_BLOCKS = YES;
				GCC_WARN_64_TO_32_BIT_CONVERSION = YES;
				GCC_WARN_ABOUT_RETURN_TYPE = YES_ERROR;
				GCC_WARN_UNDECLARED_SELECTOR = YES;
				GCC_WARN_UNINITIALIZED_AUTOS = YES_AGGRESSIVE;
				GCC_WARN_UNUSED_FUNCTION = YES;
				GCC_WARN_UNUSED_VARIABLE = YES;
				IPHONEOS_DEPLOYMENT_TARGET = 15.0;
				MTL_ENABLE_DEBUG_INFO = NO;
				MTL_FAST_MATH = YES;
				SDKROOT = iphoneos;
				SWIFT_COMPILATION_MODE = wholemodule;
				SWIFT_OPTIMIZATION_LEVEL = "-O";
				VALIDATE_PRODUCT = YES;
			};
			name = Release;
		};
		B0AE224127273A980000052A /* Debug */ = {
			isa = XCBuildConfiguration;
			buildSettings = {
				ASSETCATALOG_COMPILER_APPICON_NAME = AppIcon;
				ASSETCATALOG_COMPILER_GLOBAL_ACCENT_COLOR_NAME = AccentColor;
				CODE_SIGN_STYLE = Automatic;
				CURRENT_PROJECT_VERSION = 1;
				DEVELOPMENT_ASSET_PATHS = "\"Prata/Preview Content\"";
				DEVELOPMENT_TEAM = 9R89XP5A63;
				ENABLE_PREVIEWS = YES;
				GENERATE_INFOPLIST_FILE = YES;
				INFOPLIST_KEY_UIApplicationSceneManifest_Generation = YES;
				INFOPLIST_KEY_UIApplicationSupportsIndirectInputEvents = YES;
				INFOPLIST_KEY_UILaunchScreen_Generation = YES;
				INFOPLIST_KEY_UISupportedInterfaceOrientations_iPad = "UIInterfaceOrientationPortrait UIInterfaceOrientationPortraitUpsideDown UIInterfaceOrientationLandscapeLeft UIInterfaceOrientationLandscapeRight";
				INFOPLIST_KEY_UISupportedInterfaceOrientations_iPhone = "UIInterfaceOrientationPortrait UIInterfaceOrientationLandscapeLeft UIInterfaceOrientationLandscapeRight";
				IPHONEOS_DEPLOYMENT_TARGET = 14.0;
				LD_RUNPATH_SEARCH_PATHS = (
					"$(inherited)",
					"@executable_path/Frameworks",
				);
				MARKETING_VERSION = 1.0;
				PRODUCT_BUNDLE_IDENTIFIER = br.dev.alkamim.Prata;
				PRODUCT_NAME = "$(TARGET_NAME)";
				SWIFT_EMIT_LOC_STRINGS = YES;
				SWIFT_VERSION = 5.0;
				TARGETED_DEVICE_FAMILY = "1,2";
			};
			name = Debug;
		};
		B0AE224227273A980000052A /* Release */ = {
			isa = XCBuildConfiguration;
			buildSettings = {
				ASSETCATALOG_COMPILER_APPICON_NAME = AppIcon;
				ASSETCATALOG_COMPILER_GLOBAL_ACCENT_COLOR_NAME = AccentColor;
				CODE_SIGN_STYLE = Automatic;
				CURRENT_PROJECT_VERSION = 1;
				DEVELOPMENT_ASSET_PATHS = "\"Prata/Preview Content\"";
				DEVELOPMENT_TEAM = 9R89XP5A63;
				ENABLE_PREVIEWS = YES;
				GENERATE_INFOPLIST_FILE = YES;
				INFOPLIST_KEY_UIApplicationSceneManifest_Generation = YES;
				INFOPLIST_KEY_UIApplicationSupportsIndirectInputEvents = YES;
				INFOPLIST_KEY_UILaunchScreen_Generation = YES;
				INFOPLIST_KEY_UISupportedInterfaceOrientations_iPad = "UIInterfaceOrientationPortrait UIInterfaceOrientationPortraitUpsideDown UIInterfaceOrientationLandscapeLeft UIInterfaceOrientationLandscapeRight";
				INFOPLIST_KEY_UISupportedInterfaceOrientations_iPhone = "UIInterfaceOrientationPortrait UIInterfaceOrientationLandscapeLeft UIInterfaceOrientationLandscapeRight";
				IPHONEOS_DEPLOYMENT_TARGET = 14.0;
				LD_RUNPATH_SEARCH_PATHS = (
					"$(inherited)",
					"@executable_path/Frameworks",
				);
				MARKETING_VERSION = 1.0;
				PRODUCT_BUNDLE_IDENTIFIER = br.dev.alkamim.Prata;
				PRODUCT_NAME = "$(TARGET_NAME)";
				SWIFT_EMIT_LOC_STRINGS = YES;
				SWIFT_VERSION = 5.0;
				TARGETED_DEVICE_FAMILY = "1,2";
			};
			name = Release;
		};
/* End XCBuildConfiguration section */

/* Begin XCConfigurationList section */
		B0AE222D27273A970000052A /* Build configuration list for PBXProject "Prata" */ = {
			isa = XCConfigurationList;
			buildConfigurations = (
				B0AE223E27273A980000052A /* Debug */,
				B0AE223F27273A980000052A /* Release */,
			);
			defaultConfigurationIsVisible = 0;
			defaultConfigurationName = Release;
		};
		B0AE224027273A980000052A /* Build configuration list for PBXNativeTarget "Prata" */ = {
			isa = XCConfigurationList;
			buildConfigurations = (
				B0AE224127273A980000052A /* Debug */,
				B0AE224227273A980000052A /* Release */,
			);
			defaultConfigurationIsVisible = 0;
			defaultConfigurationName = Release;
		};
/* End XCConfigurationList section */
	};
	rootObject = B0AE222A27273A970000052A /* Project object */;
}
